
Microsoft Visual Studio Solution File, Format Version 12.00
# Visual Studio Version 17
VisualStudioVersion = 17.13.35825.156
MinimumVisualStudioVersion = 10.0.40219.1
Project("{FAE04EC0-301F-11D3-BF4B-00C04F79EFBC}") = "GUI", "GUI\GUI.csproj", "{1B7E9AFC-1695-4A74-909B-F9A5CC26B13C}"
EndProject
Project("{FAE04EC0-301F-11D3-BF4B-00C04F79EFBC}") = "ET", "ET\ET.csproj", "{3B1407C3-0EB1-4D12-AC0C-7B60F6E0A011}"
EndProject
Project("{FAE04EC0-301F-11D3-BF4B-00C04F79EFBC}") = "DAL", "DAL\DAL.csproj", "{6279046D-20C2-4CEB-B775-CBDD7237AF9F}"
EndProject
Project("{FAE04EC0-301F-11D3-BF4B-00C04F79EFBC}") = "BUS", "BUS\BUS.csproj", "{497FCC9A-3B46-4F42-A207-6CFB4E222D68}"
EndProject
Project("{54435603-DBB4-11D2-8724-00A0C9A8B90C}") = "SetupQLResort", "SetupQLResort\SetupQLResort.vdproj", "{4C8F9970-B0C4-FA0C-5841-960A9CF26C89}"
EndProject
Global
	GlobalSection(SolutionConfigurationPlatforms) = preSolution
		Debug|Any CPU = Debug|Any CPU
		Release|Any CPU = Release|Any CPU
	EndGlobalSection
	GlobalSection(ProjectConfigurationPlatforms) = postSolution
		{1B7E9AFC-1695-4A74-909B-F9A5CC26B13C}.Debug|Any CPU.ActiveCfg = Debug|Any CPU
		{1B7E9AFC-1695-4A74-909B-F9A5CC26B13C}.Debug|Any CPU.Build.0 = Debug|Any CPU
		{1B7E9AFC-1695-4A74-909B-F9A5CC26B13C}.Release|Any CPU.ActiveCfg = Release|Any CPU
		{1B7E9AFC-1695-4A74-909B-F9A5CC26B13C}.Release|Any CPU.Build.0 = Release|Any CPU
		{3B1407C3-0EB1-4D12-AC0C-7B60F6E0A011}.Debug|Any CPU.ActiveCfg = Debug|Any CPU
		{3B1407C3-0EB1-4D12-AC0C-7B60F6E0A011}.Debug|Any CPU.Build.0 = Debug|Any CPU
		{3B1407C3-0EB1-4D12-AC0C-7B60F6E0A011}.Release|Any CPU.ActiveCfg = Release|Any CPU
		{3B1407C3-0EB1-4D12-AC0C-7B60F6E0A011}.Release|Any CPU.Build.0 = Release|Any CPU
		{6279046D-20C2-4CEB-B775-CBDD7237AF9F}.Debug|Any CPU.ActiveCfg = Debug|Any CPU
		{6279046D-20C2-4CEB-B775-CBDD7237AF9F}.Debug|Any CPU.Build.0 = Debug|Any CPU
		{6279046D-20C2-4CEB-B775-CBDD7237AF9F}.Release|Any CPU.ActiveCfg = Release|Any CPU
		{6279046D-20C2-4CEB-B775-CBDD7237AF9F}.Release|Any CPU.Build.0 = Release|Any CPU
		{497FCC9A-3B46-4F42-A207-6CFB4E222D68}.Debug|Any CPU.ActiveCfg = Debug|Any CPU
		{497FCC9A-3B46-4F42-A207-6CFB4E222D68}.Debug|Any CPU.Build.0 = Debug|Any CPU
		{497FCC9A-3B46-4F42-A207-6CFB4E222D68}.Release|Any CPU.ActiveCfg = Release|Any CPU
		{497FCC9A-3B46-4F42-A207-6CFB4E222D68}.Release|Any CPU.Build.0 = Release|Any CPU
		{4C8F9970-B0C4-FA0C-5841-960A9CF26C89}.Debug|Any CPU.ActiveCfg = Debug
		{4C8F9970-B0C4-FA0C-5841-960A9CF26C89}.Release|Any CPU.ActiveCfg = Release
	EndGlobalSection
	GlobalSection(SolutionProperties) = preSolution
		HideSolutionNode = FALSE
	EndGlobalSection
	GlobalSection(ExtensibilityGlobals) = postSolution
		SolutionGuid = {F42E3D1D-AE23-4BAD-A8A7-B89FF4CD2AF9}
	EndGlobalSection
EndGlobal
