
Microsoft Visual Studio Solution File, Format Version 12.00
# Visual Studio Version 17
VisualStudioVersion = 17.13.35806.99 d17.13
MinimumVisualStudioVersion = 10.0.40219.1
Project("{FAE04EC0-301F-11D3-BF4B-00C04F79EFBC}") = "GUI", "GUI\GUI.csproj", "{C4355DF8-09E2-4068-ADFD-5D54C4DC6904}"
	ProjectSection(ProjectDependencies) = postProject
		{73240316-EAD0-41B6-B859-C9F266368938} = {73240316-EAD0-41B6-B859-C9F266368938}
		{DE6E2C31-39EB-4E69-B668-CEDA120967C9} = {DE6E2C31-39EB-4E69-B668-CEDA120967C9}
	EndProjectSection
EndProject
Project("{FAE04EC0-301F-11D3-BF4B-00C04F79EFBC}") = "DAL", "DAL\DAL.csproj", "{9EFA5A55-B4CC-4C09-8638-2E782659B688}"
	ProjectSection(ProjectDependencies) = postProject
		{73240316-EAD0-41B6-B859-C9F266368938} = {73240316-EAD0-41B6-B859-C9F266368938}
	EndProjectSection
EndProject
Project("{FAE04EC0-301F-11D3-BF4B-00C04F79EFBC}") = "ET", "ET\ET.csproj", "{73240316-EAD0-41B6-B859-C9F266368938}"
EndProject
Project("{FAE04EC0-301F-11D3-BF4B-00C04F79EFBC}") = "BUS", "BUS\BUS.csproj", "{DE6E2C31-39EB-4E69-B668-CEDA120967C9}"
	ProjectSection(ProjectDependencies) = postProject
		{73240316-EAD0-41B6-B859-C9F266368938} = {73240316-EAD0-41B6-B859-C9F266368938}
		{9EFA5A55-B4CC-4C09-8638-2E782659B688} = {9EFA5A55-B4CC-4C09-8638-2E782659B688}
	EndProjectSection
EndProject
Global
	GlobalSection(SolutionConfigurationPlatforms) = preSolution
		Debug|Any CPU = Debug|Any CPU
		Release|Any CPU = Release|Any CPU
	EndGlobalSection
	GlobalSection(ProjectConfigurationPlatforms) = postSolution
		{C4355DF8-09E2-4068-ADFD-5D54C4DC6904}.Debug|Any CPU.ActiveCfg = Debug|Any CPU
		{C4355DF8-09E2-4068-ADFD-5D54C4DC6904}.Debug|Any CPU.Build.0 = Debug|Any CPU
		{C4355DF8-09E2-4068-ADFD-5D54C4DC6904}.Release|Any CPU.ActiveCfg = Release|Any CPU
		{C4355DF8-09E2-4068-ADFD-5D54C4DC6904}.Release|Any CPU.Build.0 = Release|Any CPU
		{9EFA5A55-B4CC-4C09-8638-2E782659B688}.Debug|Any CPU.ActiveCfg = Debug|Any CPU
		{9EFA5A55-B4CC-4C09-8638-2E782659B688}.Debug|Any CPU.Build.0 = Debug|Any CPU
		{9EFA5A55-B4CC-4C09-8638-2E782659B688}.Release|Any CPU.ActiveCfg = Release|Any CPU
		{9EFA5A55-B4CC-4C09-8638-2E782659B688}.Release|Any CPU.Build.0 = Release|Any CPU
		{73240316-EAD0-41B6-B859-C9F266368938}.Debug|Any CPU.ActiveCfg = Debug|Any CPU
		{73240316-EAD0-41B6-B859-C9F266368938}.Debug|Any CPU.Build.0 = Debug|Any CPU
		{73240316-EAD0-41B6-B859-C9F266368938}.Release|Any CPU.ActiveCfg = Release|Any CPU
		{73240316-EAD0-41B6-B859-C9F266368938}.Release|Any CPU.Build.0 = Release|Any CPU
		{DE6E2C31-39EB-4E69-B668-CEDA120967C9}.Debug|Any CPU.ActiveCfg = Debug|Any CPU
		{DE6E2C31-39EB-4E69-B668-CEDA120967C9}.Debug|Any CPU.Build.0 = Debug|Any CPU
		{DE6E2C31-39EB-4E69-B668-CEDA120967C9}.Release|Any CPU.ActiveCfg = Release|Any CPU
		{DE6E2C31-39EB-4E69-B668-CEDA120967C9}.Release|Any CPU.Build.0 = Release|Any CPU
	EndGlobalSection
	GlobalSection(SolutionProperties) = preSolution
		HideSolutionNode = FALSE
	EndGlobalSection
	GlobalSection(ExtensibilityGlobals) = postSolution
		SolutionGuid = {699573D5-0794-4915-AE9A-F6EFA8CF1AFA}
	EndGlobalSection
EndGlobal
